
Microsoft Visual Studio Solution File, Format Version 12.00
# Visual Studio Version 17
VisualStudioVersion = 17.5.002.0
MinimumVisualStudioVersion = 10.0.40219.1
Project("{9A19103F-16F7-4668-BE54-9A1E7A4F7556}") = "MeetingApp", "MeetingApp.csproj", "{1A0F3571-5F35-4960-B3E1-35ED2E0BDE34}"
EndProject
Global
	GlobalSection(SolutionConfigurationPlatforms) = preSolution
		Debug|Any CPU = Debug|Any CPU
		Release|Any CPU = Release|Any CPU
	EndGlobalSection
	GlobalSection(ProjectConfigurationPlatforms) = postSolution
		{1A0F3571-5F35-4960-B3E1-35ED2E0BDE34}.Debug|Any CPU.ActiveCfg = Debug|Any CPU
		{1A0F3571-5F35-4960-B3E1-35ED2E0BDE34}.Debug|Any CPU.Build.0 = Debug|Any CPU
		{1A0F3571-5F35-4960-B3E1-35ED2E0BDE34}.Release|Any CPU.ActiveCfg = Release|Any CPU
		{1A0F3571-5F35-4960-B3E1-35ED2E0BDE34}.Release|Any CPU.Build.0 = Release|Any CPU
	EndGlobalSection
	GlobalSection(SolutionProperties) = preSolution
		HideSolutionNode = FALSE
	EndGlobalSection
	GlobalSection(ExtensibilityGlobals) = postSolution
		SolutionGuid = {FA94AC10-95CA-470C-9226-FDFA20CCBABA}
	EndGlobalSection
EndGlobal
