
Microsoft Visual Studio Solution File, Format Version 12.00
# Visual Studio Version 17
VisualStudioVersion = 17.5.002.0
MinimumVisualStudioVersion = 10.0.40219.1
Project("{9A19103F-16F7-4668-BE54-9A1E7A4F7556}") = "basics", "basics.csproj", "{2795DE58-5895-4A11-9B0D-1A1D7A55DB21}"
EndProject
Global
	GlobalSection(SolutionConfigurationPlatforms) = preSolution
		Debug|Any CPU = Debug|Any CPU
		Release|Any CPU = Release|Any CPU
	EndGlobalSection
	GlobalSection(ProjectConfigurationPlatforms) = postSolution
		{2795DE58-5895-4A11-9B0D-1A1D7A55DB21}.Debug|Any CPU.ActiveCfg = Debug|Any CPU
		{2795DE58-5895-4A11-9B0D-1A1D7A55DB21}.Debug|Any CPU.Build.0 = Debug|Any CPU
		{2795DE58-5895-4A11-9B0D-1A1D7A55DB21}.Release|Any CPU.ActiveCfg = Release|Any CPU
		{2795DE58-5895-4A11-9B0D-1A1D7A55DB21}.Release|Any CPU.Build.0 = Release|Any CPU
	EndGlobalSection
	GlobalSection(SolutionProperties) = preSolution
		HideSolutionNode = FALSE
	EndGlobalSection
	GlobalSection(ExtensibilityGlobals) = postSolution
		SolutionGuid = {613A1C91-1939-4EF7-A6D5-2EE6157801EC}
	EndGlobalSection
EndGlobal
